
Microsoft Visual Studio Solution File, Format Version 12.00
# Visual Studio 15
VisualStudioVersion = 15.0.26430.6
MinimumVisualStudioVersion = 10.0.40219.1
Project("{FAE04EC0-301F-11D3-BF4B-00C04F79EFBC}") = "Showcase.Android", "Showcase\Showcase.Android\Showcase.Android.csproj", "{611E788A-6DBD-4E12-ADDC-E591A42970A1}"
EndProject
Project("{FAE04EC0-301F-11D3-BF4B-00C04F79EFBC}") = "Showcase", "Showcase\Showcase\Showcase.csproj", "{5B992949-3C73-4E0E-8B4D-D54666B0AA65}"
EndProject
Project("{FAE04EC0-301F-11D3-BF4B-00C04F79EFBC}") = "Showcase.iOS", "Showcase\Showcase.iOS\Showcase.iOS.csproj", "{06B0A715-082F-41FB-AAF4-9CC64AAC0446}"
EndProject
Global
	GlobalSection(SolutionConfigurationPlatforms) = preSolution
		Ad-Hoc|Any CPU = Ad-Hoc|Any CPU
		Ad-Hoc|iPhone = Ad-Hoc|iPhone
		Ad-Hoc|iPhoneSimulator = Ad-Hoc|iPhoneSimulator
		AppStore|Any CPU = AppStore|Any CPU
		AppStore|iPhone = AppStore|iPhone
		AppStore|iPhoneSimulator = AppStore|iPhoneSimulator
		Debug|Any CPU = Debug|Any CPU
		Debug|iPhone = Debug|iPhone
		Debug|iPhoneSimulator = Debug|iPhoneSimulator
		Release|Any CPU = Release|Any CPU
		Release|iPhone = Release|iPhone
		Release|iPhoneSimulator = Release|iPhoneSimulator
	EndGlobalSection
	GlobalSection(ProjectConfigurationPlatforms) = postSolution
		{611E788A-6DBD-4E12-ADDC-E591A42970A1}.Ad-Hoc|Any CPU.ActiveCfg = Release|Any CPU
		{611E788A-6DBD-4E12-ADDC-E591A42970A1}.Ad-Hoc|Any CPU.Build.0 = Release|Any CPU
		{611E788A-6DBD-4E12-ADDC-E591A42970A1}.Ad-Hoc|Any CPU.Deploy.0 = Release|Any CPU
		{611E788A-6DBD-4E12-ADDC-E591A42970A1}.Ad-Hoc|iPhone.ActiveCfg = Release|Any CPU
		{611E788A-6DBD-4E12-ADDC-E591A42970A1}.Ad-Hoc|iPhone.Build.0 = Release|Any CPU
		{611E788A-6DBD-4E12-ADDC-E591A42970A1}.Ad-Hoc|iPhone.Deploy.0 = Release|Any CPU
		{611E788A-6DBD-4E12-ADDC-E591A42970A1}.Ad-Hoc|iPhoneSimulator.ActiveCfg = Release|Any CPU
		{611E788A-6DBD-4E12-ADDC-E591A42970A1}.Ad-Hoc|iPhoneSimulator.Build.0 = Release|Any CPU
		{611E788A-6DBD-4E12-ADDC-E591A42970A1}.Ad-Hoc|iPhoneSimulator.Deploy.0 = Release|Any CPU
		{611E788A-6DBD-4E12-ADDC-E591A42970A1}.AppStore|Any CPU.ActiveCfg = Release|Any CPU
		{611E788A-6DBD-4E12-ADDC-E591A42970A1}.AppStore|Any CPU.Build.0 = Release|Any CPU
		{611E788A-6DBD-4E12-ADDC-E591A42970A1}.AppStore|Any CPU.Deploy.0 = Release|Any CPU
		{611E788A-6DBD-4E12-ADDC-E591A42970A1}.AppStore|iPhone.ActiveCfg = Release|Any CPU
		{611E788A-6DBD-4E12-ADDC-E591A42970A1}.AppStore|iPhone.Build.0 = Release|Any CPU
		{611E788A-6DBD-4E12-ADDC-E591A42970A1}.AppStore|iPhone.Deploy.0 = Release|Any CPU
		{611E788A-6DBD-4E12-ADDC-E591A42970A1}.AppStore|iPhoneSimulator.ActiveCfg = Release|Any CPU
		{611E788A-6DBD-4E12-ADDC-E591A42970A1}.AppStore|iPhoneSimulator.Build.0 = Release|Any CPU
		{611E788A-6DBD-4E12-ADDC-E591A42970A1}.AppStore|iPhoneSimulator.Deploy.0 = Release|Any CPU
		{611E788A-6DBD-4E12-ADDC-E591A42970A1}.Debug|Any CPU.ActiveCfg = Debug|Any CPU
		{611E788A-6DBD-4E12-ADDC-E591A42970A1}.Debug|Any CPU.Build.0 = Debug|Any CPU
		{611E788A-6DBD-4E12-ADDC-E591A42970A1}.Debug|Any CPU.Deploy.0 = Debug|Any CPU
		{611E788A-6DBD-4E12-ADDC-E591A42970A1}.Debug|iPhone.ActiveCfg = Debug|Any CPU
		{611E788A-6DBD-4E12-ADDC-E591A42970A1}.Debug|iPhone.Build.0 = Debug|Any CPU
		{611E788A-6DBD-4E12-ADDC-E591A42970A1}.Debug|iPhone.Deploy.0 = Debug|Any CPU
		{611E788A-6DBD-4E12-ADDC-E591A42970A1}.Debug|iPhoneSimulator.ActiveCfg = Debug|Any CPU
		{611E788A-6DBD-4E12-ADDC-E591A42970A1}.Debug|iPhoneSimulator.Build.0 = Debug|Any CPU
		{611E788A-6DBD-4E12-ADDC-E591A42970A1}.Debug|iPhoneSimulator.Deploy.0 = Debug|Any CPU
		{611E788A-6DBD-4E12-ADDC-E591A42970A1}.Release|Any CPU.ActiveCfg = Release|Any CPU
		{611E788A-6DBD-4E12-ADDC-E591A42970A1}.Release|Any CPU.Build.0 = Release|Any CPU
		{611E788A-6DBD-4E12-ADDC-E591A42970A1}.Release|Any CPU.Deploy.0 = Release|Any CPU
		{611E788A-6DBD-4E12-ADDC-E591A42970A1}.Release|iPhone.ActiveCfg = Release|Any CPU
		{611E788A-6DBD-4E12-ADDC-E591A42970A1}.Release|iPhone.Build.0 = Release|Any CPU
		{611E788A-6DBD-4E12-ADDC-E591A42970A1}.Release|iPhone.Deploy.0 = Release|Any CPU
		{611E788A-6DBD-4E12-ADDC-E591A42970A1}.Release|iPhoneSimulator.ActiveCfg = Release|Any CPU
		{611E788A-6DBD-4E12-ADDC-E591A42970A1}.Release|iPhoneSimulator.Build.0 = Release|Any CPU
		{611E788A-6DBD-4E12-ADDC-E591A42970A1}.Release|iPhoneSimulator.Deploy.0 = Release|Any CPU
		{5B992949-3C73-4E0E-8B4D-D54666B0AA65}.Ad-Hoc|Any CPU.ActiveCfg = Release|Any CPU
		{5B992949-3C73-4E0E-8B4D-D54666B0AA65}.Ad-Hoc|Any CPU.Build.0 = Release|Any CPU
		{5B992949-3C73-4E0E-8B4D-D54666B0AA65}.Ad-Hoc|iPhone.ActiveCfg = Release|Any CPU
		{5B992949-3C73-4E0E-8B4D-D54666B0AA65}.Ad-Hoc|iPhone.Build.0 = Release|Any CPU
		{5B992949-3C73-4E0E-8B4D-D54666B0AA65}.Ad-Hoc|iPhoneSimulator.ActiveCfg = Release|Any CPU
		{5B992949-3C73-4E0E-8B4D-D54666B0AA65}.Ad-Hoc|iPhoneSimulator.Build.0 = Release|Any CPU
		{5B992949-3C73-4E0E-8B4D-D54666B0AA65}.AppStore|Any CPU.ActiveCfg = Release|Any CPU
		{5B992949-3C73-4E0E-8B4D-D54666B0AA65}.AppStore|Any CPU.Build.0 = Release|Any CPU
		{5B992949-3C73-4E0E-8B4D-D54666B0AA65}.AppStore|iPhone.ActiveCfg = Release|Any CPU
		{5B992949-3C73-4E0E-8B4D-D54666B0AA65}.AppStore|iPhone.Build.0 = Release|Any CPU
		{5B992949-3C73-4E0E-8B4D-D54666B0AA65}.AppStore|iPhoneSimulator.ActiveCfg = Release|Any CPU
		{5B992949-3C73-4E0E-8B4D-D54666B0AA65}.AppStore|iPhoneSimulator.Build.0 = Release|Any CPU
		{5B992949-3C73-4E0E-8B4D-D54666B0AA65}.Debug|Any CPU.ActiveCfg = Debug|Any CPU
		{5B992949-3C73-4E0E-8B4D-D54666B0AA65}.Debug|Any CPU.Build.0 = Debug|Any CPU
		{5B992949-3C73-4E0E-8B4D-D54666B0AA65}.Debug|iPhone.ActiveCfg = Debug|Any CPU
		{5B992949-3C73-4E0E-8B4D-D54666B0AA65}.Debug|iPhone.Build.0 = Debug|Any CPU
		{5B992949-3C73-4E0E-8B4D-D54666B0AA65}.Debug|iPhoneSimulator.ActiveCfg = Debug|Any CPU
		{5B992949-3C73-4E0E-8B4D-D54666B0AA65}.Debug|iPhoneSimulator.Build.0 = Debug|Any CPU
		{5B992949-3C73-4E0E-8B4D-D54666B0AA65}.Release|Any CPU.ActiveCfg = Release|Any CPU
		{5B992949-3C73-4E0E-8B4D-D54666B0AA65}.Release|Any CPU.Build.0 = Release|Any CPU
		{5B992949-3C73-4E0E-8B4D-D54666B0AA65}.Release|iPhone.ActiveCfg = Release|Any CPU
		{5B992949-3C73-4E0E-8B4D-D54666B0AA65}.Release|iPhone.Build.0 = Release|Any CPU
		{5B992949-3C73-4E0E-8B4D-D54666B0AA65}.Release|iPhoneSimulator.ActiveCfg = Release|Any CPU
		{5B992949-3C73-4E0E-8B4D-D54666B0AA65}.Release|iPhoneSimulator.Build.0 = Release|Any CPU
		{06B0A715-082F-41FB-AAF4-9CC64AAC0446}.Ad-Hoc|Any CPU.ActiveCfg = Ad-Hoc|iPhone
		{06B0A715-082F-41FB-AAF4-9CC64AAC0446}.Ad-Hoc|iPhone.ActiveCfg = Ad-Hoc|iPhone
		{06B0A715-082F-41FB-AAF4-9CC64AAC0446}.Ad-Hoc|iPhone.Build.0 = Ad-Hoc|iPhone
		{06B0A715-082F-41FB-AAF4-9CC64AAC0446}.Ad-Hoc|iPhoneSimulator.ActiveCfg = Ad-Hoc|iPhoneSimulator
		{06B0A715-082F-41FB-AAF4-9CC64AAC0446}.Ad-Hoc|iPhoneSimulator.Build.0 = Ad-Hoc|iPhoneSimulator
		{06B0A715-082F-41FB-AAF4-9CC64AAC0446}.AppStore|Any CPU.ActiveCfg = AppStore|iPhone
		{06B0A715-082F-41FB-AAF4-9CC64AAC0446}.AppStore|iPhone.ActiveCfg = AppStore|iPhone
		{06B0A715-082F-41FB-AAF4-9CC64AAC0446}.AppStore|iPhone.Build.0 = AppStore|iPhone
		{06B0A715-082F-41FB-AAF4-9CC64AAC0446}.AppStore|iPhoneSimulator.ActiveCfg = AppStore|iPhoneSimulator
		{06B0A715-082F-41FB-AAF4-9CC64AAC0446}.AppStore|iPhoneSimulator.Build.0 = AppStore|iPhoneSimulator
		{06B0A715-082F-41FB-AAF4-9CC64AAC0446}.Debug|Any CPU.ActiveCfg = Debug|iPhone
		{06B0A715-082F-41FB-AAF4-9CC64AAC0446}.Debug|iPhone.ActiveCfg = Debug|iPhone
		{06B0A715-082F-41FB-AAF4-9CC64AAC0446}.Debug|iPhone.Build.0 = Debug|iPhone
		{06B0A715-082F-41FB-AAF4-9CC64AAC0446}.Debug|iPhoneSimulator.ActiveCfg = Debug|iPhoneSimulator
		{06B0A715-082F-41FB-AAF4-9CC64AAC0446}.Debug|iPhoneSimulator.Build.0 = Debug|iPhoneSimulator
		{06B0A715-082F-41FB-AAF4-9CC64AAC0446}.Release|Any CPU.ActiveCfg = Release|iPhone
		{06B0A715-082F-41FB-AAF4-9CC64AAC0446}.Release|iPhone.ActiveCfg = Release|iPhone
		{06B0A715-082F-41FB-AAF4-9CC64AAC0446}.Release|iPhone.Build.0 = Release|iPhone
		{06B0A715-082F-41FB-AAF4-9CC64AAC0446}.Release|iPhoneSimulator.ActiveCfg = Release|iPhoneSimulator
		{06B0A715-082F-41FB-AAF4-9CC64AAC0446}.Release|iPhoneSimulator.Build.0 = Release|iPhoneSimulator
	EndGlobalSection
	GlobalSection(SolutionProperties) = preSolution
		HideSolutionNode = FALSE
	EndGlobalSection
EndGlobal
